
Microsoft Visual Studio Solution File, Format Version 12.00
# Visual Studio Version 17
VisualStudioVersion = 17.0.31903.59
MinimumVisualStudioVersion = 10.0.40219.1
Project("{FAE04EC0-301F-11D3-BF4B-00C04F79EFBC}") = "Chronos", "Chronos\Chronos.csproj", "{59417135-D35F-4693-B911-A8E1316A77E2}"
EndProject
Project("{FAE04EC0-301F-11D3-BF4B-00C04F79EFBC}") = "RandomTest", "RandomTest\RandomTest.csproj", "{79AC6FA3-8B02-4E15-877C-2774B0BA8993}"
EndProject
Project("{FAE04EC0-301F-11D3-BF4B-00C04F79EFBC}") = "RanDice", "RanDice\RanDice.csproj", "{C740ED10-23D3-4AAD-8B8F-F6C579B368FB}"
EndProject
Project("{FAE04EC0-301F-11D3-BF4B-00C04F79EFBC}") = "MyGame", "MyGame\MyGame.csproj", "{61FCFAA3-ABE1-4F6D-A60E-1AE27AAACAC9}"
EndProject
Project("{FAE04EC0-301F-11D3-BF4B-00C04F79EFBC}") = "MyGameFriday", "MyGameFriday\MyGameFriday.csproj", "{EC1ECEF1-BD5B-4B2D-A285-53CA1754325C}"
EndProject
Global
	GlobalSection(SolutionConfigurationPlatforms) = preSolution
		Debug|Any CPU = Debug|Any CPU
		Release|Any CPU = Release|Any CPU
	EndGlobalSection
	GlobalSection(SolutionProperties) = preSolution
		HideSolutionNode = FALSE
	EndGlobalSection
	GlobalSection(ProjectConfigurationPlatforms) = postSolution
		{59417135-D35F-4693-B911-A8E1316A77E2}.Debug|Any CPU.ActiveCfg = Debug|Any CPU
		{59417135-D35F-4693-B911-A8E1316A77E2}.Debug|Any CPU.Build.0 = Debug|Any CPU
		{59417135-D35F-4693-B911-A8E1316A77E2}.Release|Any CPU.ActiveCfg = Release|Any CPU
		{59417135-D35F-4693-B911-A8E1316A77E2}.Release|Any CPU.Build.0 = Release|Any CPU
		{79AC6FA3-8B02-4E15-877C-2774B0BA8993}.Debug|Any CPU.ActiveCfg = Debug|Any CPU
		{79AC6FA3-8B02-4E15-877C-2774B0BA8993}.Debug|Any CPU.Build.0 = Debug|Any CPU
		{79AC6FA3-8B02-4E15-877C-2774B0BA8993}.Release|Any CPU.ActiveCfg = Release|Any CPU
		{79AC6FA3-8B02-4E15-877C-2774B0BA8993}.Release|Any CPU.Build.0 = Release|Any CPU
		{C740ED10-23D3-4AAD-8B8F-F6C579B368FB}.Debug|Any CPU.ActiveCfg = Debug|Any CPU
		{C740ED10-23D3-4AAD-8B8F-F6C579B368FB}.Debug|Any CPU.Build.0 = Debug|Any CPU
		{C740ED10-23D3-4AAD-8B8F-F6C579B368FB}.Release|Any CPU.ActiveCfg = Release|Any CPU
		{C740ED10-23D3-4AAD-8B8F-F6C579B368FB}.Release|Any CPU.Build.0 = Release|Any CPU
		{61FCFAA3-ABE1-4F6D-A60E-1AE27AAACAC9}.Debug|Any CPU.ActiveCfg = Debug|Any CPU
		{61FCFAA3-ABE1-4F6D-A60E-1AE27AAACAC9}.Debug|Any CPU.Build.0 = Debug|Any CPU
		{61FCFAA3-ABE1-4F6D-A60E-1AE27AAACAC9}.Release|Any CPU.ActiveCfg = Release|Any CPU
		{61FCFAA3-ABE1-4F6D-A60E-1AE27AAACAC9}.Release|Any CPU.Build.0 = Release|Any CPU
		{EC1ECEF1-BD5B-4B2D-A285-53CA1754325C}.Debug|Any CPU.ActiveCfg = Debug|Any CPU
		{EC1ECEF1-BD5B-4B2D-A285-53CA1754325C}.Debug|Any CPU.Build.0 = Debug|Any CPU
		{EC1ECEF1-BD5B-4B2D-A285-53CA1754325C}.Release|Any CPU.ActiveCfg = Release|Any CPU
		{EC1ECEF1-BD5B-4B2D-A285-53CA1754325C}.Release|Any CPU.Build.0 = Release|Any CPU
	EndGlobalSection
EndGlobal
